// !$*UTF8*$!
{
	archiveVersion = 1;
	classes = {
	};
	objectVersion = 56;
	objects = {

/* Begin PBXBuildFile section */
		094D7151296F7A2000044538 /* AppDelegate.swift in Sources */ = {isa = PBXBuildFile; fileRef = 094D7150296F7A2000044538 /* AppDelegate.swift */; };
		094D7153296F7A2000044538 /* SceneDelegate.swift in Sources */ = {isa = PBXBuildFile; fileRef = 094D7152296F7A2000044538 /* SceneDelegate.swift */; };
		094D7155296F7A2000044538 /* MapsViewController.swift in Sources */ = {isa = PBXBuildFile; fileRef = 094D7154296F7A2000044538 /* MapsViewController.swift */; };
		094D7158296F7A2000044538 /* Main.storyboard in Resources */ = {isa = PBXBuildFile; fileRef = 094D7156296F7A2000044538 /* Main.storyboard */; };
		094D715A296F7A2200044538 /* Assets.xcassets in Resources */ = {isa = PBXBuildFile; fileRef = 094D7159296F7A2200044538 /* Assets.xcassets */; };
		094D715D296F7A2200044538 /* LaunchScreen.storyboard in Resources */ = {isa = PBXBuildFile; fileRef = 094D715B296F7A2200044538 /* LaunchScreen.storyboard */; };
		0976930D297DF8D30018A3D6 /* MALViewController.swift in Sources */ = {isa = PBXBuildFile; fileRef = 0976930C297DF8D30018A3D6 /* MALViewController.swift */; };
		0976930F297DF8DF0018A3D6 /* MALViewModel.swift in Sources */ = {isa = PBXBuildFile; fileRef = 0976930E297DF8DF0018A3D6 /* MALViewModel.swift */; };
		09769311297DF8E70018A3D6 /* MALModel.swift in Sources */ = {isa = PBXBuildFile; fileRef = 09769310297DF8E70018A3D6 /* MALModel.swift */; };
		09769313297E001E0018A3D6 /* MALCollectionViewCell.swift in Sources */ = {isa = PBXBuildFile; fileRef = 09769312297E001E0018A3D6 /* MALCollectionViewCell.swift */; };
		09769315297E06A90018A3D6 /* MALViewController + Constraints.swift in Sources */ = {isa = PBXBuildFile; fileRef = 09769314297E06A90018A3D6 /* MALViewController + Constraints.swift */; };
		09CB5D7D297219420044463D /* Observables.swift in Sources */ = {isa = PBXBuildFile; fileRef = 09CB5D7C297219420044463D /* Observables.swift */; };
		09CB5D7F29721A6E0044463D /* Subjects.swift in Sources */ = {isa = PBXBuildFile; fileRef = 09CB5D7E29721A6E0044463D /* Subjects.swift */; };
		09CB5D81297611AE0044463D /* Relays.swift in Sources */ = {isa = PBXBuildFile; fileRef = 09CB5D80297611AE0044463D /* Relays.swift */; };
		09CB5D832979FE9A0044463D /* BlackJackViewController.swift in Sources */ = {isa = PBXBuildFile; fileRef = 09CB5D822979FE9A0044463D /* BlackJackViewController.swift */; };
		77E997DE1794D5344BA64DC7 /* Pods_RXSwift.framework in Frameworks */ = {isa = PBXBuildFile; fileRef = 57478A5BEEB714CACDB31D57 /* Pods_RXSwift.framework */; };
/* End PBXBuildFile section */

/* Begin PBXFileReference section */
		094D714D296F7A2000044538 /* RXSwift.app */ = {isa = PBXFileReference; explicitFileType = wrapper.application; includeInIndex = 0; path = RXSwift.app; sourceTree = BUILT_PRODUCTS_DIR; };
		094D7150296F7A2000044538 /* AppDelegate.swift */ = {isa = PBXFileReference; lastKnownFileType = sourcecode.swift; path = AppDelegate.swift; sourceTree = "<group>"; };
		094D7152296F7A2000044538 /* SceneDelegate.swift */ = {isa = PBXFileReference; lastKnownFileType = sourcecode.swift; path = SceneDelegate.swift; sourceTree = "<group>"; };
		094D7154296F7A2000044538 /* MapsViewController.swift */ = {isa = PBXFileReference; lastKnownFileType = sourcecode.swift; path = MapsViewController.swift; sourceTree = "<group>"; };
		094D7157296F7A2000044538 /* Base */ = {isa = PBXFileReference; lastKnownFileType = file.storyboard; name = Base; path = Base.lproj/Main.storyboard; sourceTree = "<group>"; };
		094D7159296F7A2200044538 /* Assets.xcassets */ = {isa = PBXFileReference; lastKnownFileType = folder.assetcatalog; path = Assets.xcassets; sourceTree = "<group>"; };
		094D715C296F7A2200044538 /* Base */ = {isa = PBXFileReference; lastKnownFileType = file.storyboard; name = Base; path = Base.lproj/LaunchScreen.storyboard; sourceTree = "<group>"; };
		094D715E296F7A2200044538 /* Info.plist */ = {isa = PBXFileReference; lastKnownFileType = text.plist.xml; path = Info.plist; sourceTree = "<group>"; };
		0976930C297DF8D30018A3D6 /* MALViewController.swift */ = {isa = PBXFileReference; lastKnownFileType = sourcecode.swift; path = MALViewController.swift; sourceTree = "<group>"; };
		0976930E297DF8DF0018A3D6 /* MALViewModel.swift */ = {isa = PBXFileReference; lastKnownFileType = sourcecode.swift; path = MALViewModel.swift; sourceTree = "<group>"; };
		09769310297DF8E70018A3D6 /* MALModel.swift */ = {isa = PBXFileReference; lastKnownFileType = sourcecode.swift; path = MALModel.swift; sourceTree = "<group>"; };
		09769312297E001E0018A3D6 /* MALCollectionViewCell.swift */ = {isa = PBXFileReference; lastKnownFileType = sourcecode.swift; path = MALCollectionViewCell.swift; sourceTree = "<group>"; };
		09769314297E06A90018A3D6 /* MALViewController + Constraints.swift */ = {isa = PBXFileReference; lastKnownFileType = sourcecode.swift; path = "MALViewController + Constraints.swift"; sourceTree = "<group>"; };
		09CB5D7C297219420044463D /* Observables.swift */ = {isa = PBXFileReference; lastKnownFileType = sourcecode.swift; path = Observables.swift; sourceTree = "<group>"; };
		09CB5D7E29721A6E0044463D /* Subjects.swift */ = {isa = PBXFileReference; lastKnownFileType = sourcecode.swift; path = Subjects.swift; sourceTree = "<group>"; };
		09CB5D80297611AE0044463D /* Relays.swift */ = {isa = PBXFileReference; lastKnownFileType = sourcecode.swift; path = Relays.swift; sourceTree = "<group>"; };
		09CB5D822979FE9A0044463D /* BlackJackViewController.swift */ = {isa = PBXFileReference; lastKnownFileType = sourcecode.swift; path = BlackJackViewController.swift; sourceTree = "<group>"; };
		57478A5BEEB714CACDB31D57 /* Pods_RXSwift.framework */ = {isa = PBXFileReference; explicitFileType = wrapper.framework; includeInIndex = 0; path = Pods_RXSwift.framework; sourceTree = BUILT_PRODUCTS_DIR; };
		9A4C5D01C95880E80C1FBE9E /* Pods-RXSwift.debug.xcconfig */ = {isa = PBXFileReference; includeInIndex = 1; lastKnownFileType = text.xcconfig; name = "Pods-RXSwift.debug.xcconfig"; path = "Target Support Files/Pods-RXSwift/Pods-RXSwift.debug.xcconfig"; sourceTree = "<group>"; };
		F2916FF141BC23DD77DAADD9 /* Pods-RXSwift.release.xcconfig */ = {isa = PBXFileReference; includeInIndex = 1; lastKnownFileType = text.xcconfig; name = "Pods-RXSwift.release.xcconfig"; path = "Target Support Files/Pods-RXSwift/Pods-RXSwift.release.xcconfig"; sourceTree = "<group>"; };
/* End PBXFileReference section */

/* Begin PBXFrameworksBuildPhase section */
		094D714A296F7A2000044538 /* Frameworks */ = {
			isa = PBXFrameworksBuildPhase;
			buildActionMask = 2147483647;
			files = (
				77E997DE1794D5344BA64DC7 /* Pods_RXSwift.framework in Frameworks */,
			);
			runOnlyForDeploymentPostprocessing = 0;
		};
/* End PBXFrameworksBuildPhase section */

/* Begin PBXGroup section */
		0923FE76298492E50001F041 /* Enums */ = {
			isa = PBXGroup;
			children = (
			);
			path = Enums;
			sourceTree = "<group>";
		};
		094D7144296F7A2000044538 = {
			isa = PBXGroup;
			children = (
				094D714F296F7A2000044538 /* RXSwift */,
				094D714E296F7A2000044538 /* Products */,
				9BE586ABD012D04DC5A6082D /* Pods */,
				7C84586970A8203507F5E33E /* Frameworks */,
			);
			sourceTree = "<group>";
		};
		094D714E296F7A2000044538 /* Products */ = {
			isa = PBXGroup;
			children = (
				094D714D296F7A2000044538 /* RXSwift.app */,
			);
			name = Products;
			sourceTree = "<group>";
		};
		094D714F296F7A2000044538 /* RXSwift */ = {
			isa = PBXGroup;
			children = (
				0976930B297DF8A80018A3D6 /* MVVM Example */,
				094D7150296F7A2000044538 /* AppDelegate.swift */,
				094D7152296F7A2000044538 /* SceneDelegate.swift */,
				094D7154296F7A2000044538 /* MapsViewController.swift */,
				094D7156296F7A2000044538 /* Main.storyboard */,
				094D7159296F7A2200044538 /* Assets.xcassets */,
				094D715B296F7A2200044538 /* LaunchScreen.storyboard */,
				094D715E296F7A2200044538 /* Info.plist */,
				09CB5D7C297219420044463D /* Observables.swift */,
				09CB5D7E29721A6E0044463D /* Subjects.swift */,
				09CB5D80297611AE0044463D /* Relays.swift */,
				09CB5D822979FE9A0044463D /* BlackJackViewController.swift */,
			);
			path = RXSwift;
			sourceTree = "<group>";
		};
		0976930B297DF8A80018A3D6 /* MVVM Example */ = {
			isa = PBXGroup;
			children = (
				0923FE76298492E50001F041 /* Enums */,
				0976930C297DF8D30018A3D6 /* MALViewController.swift */,
				0976930E297DF8DF0018A3D6 /* MALViewModel.swift */,
				09769310297DF8E70018A3D6 /* MALModel.swift */,
				09769312297E001E0018A3D6 /* MALCollectionViewCell.swift */,
				09769314297E06A90018A3D6 /* MALViewController + Constraints.swift */,
			);
			path = "MVVM Example";
			sourceTree = "<group>";
		};
		7C84586970A8203507F5E33E /* Frameworks */ = {
			isa = PBXGroup;
			children = (
				57478A5BEEB714CACDB31D57 /* Pods_RXSwift.framework */,
			);
			name = Frameworks;
			sourceTree = "<group>";
		};
		9BE586ABD012D04DC5A6082D /* Pods */ = {
			isa = PBXGroup;
			children = (
				9A4C5D01C95880E80C1FBE9E /* Pods-RXSwift.debug.xcconfig */,
				F2916FF141BC23DD77DAADD9 /* Pods-RXSwift.release.xcconfig */,
			);
			path = Pods;
			sourceTree = "<group>";
		};
/* End PBXGroup section */

/* Begin PBXNativeTarget section */
		094D714C296F7A2000044538 /* RXSwift */ = {
			isa = PBXNativeTarget;
			buildConfigurationList = 094D7161296F7A2200044538 /* Build configuration list for PBXNativeTarget "RXSwift" */;
			buildPhases = (
				85C7540576CECB5FAEBC3D5D /* [CP] Check Pods Manifest.lock */,
				094D7149296F7A2000044538 /* Sources */,
				094D714A296F7A2000044538 /* Frameworks */,
				094D714B296F7A2000044538 /* Resources */,
				7CB1334E571C14E37AD7F826 /* [CP] Embed Pods Frameworks */,
			);
			buildRules = (
			);
			dependencies = (
			);
			name = RXSwift;
			productName = RXSwift;
			productReference = 094D714D296F7A2000044538 /* RXSwift.app */;
			productType = "com.apple.product-type.application";
		};
/* End PBXNativeTarget section */

/* Begin PBXProject section */
		094D7145296F7A2000044538 /* Project object */ = {
			isa = PBXProject;
			attributes = {
				BuildIndependentTargetsInParallel = 1;
				LastSwiftUpdateCheck = 1420;
				LastUpgradeCheck = 1420;
				TargetAttributes = {
					094D714C296F7A2000044538 = {
						CreatedOnToolsVersion = 14.2;
					};
				};
			};
			buildConfigurationList = 094D7148296F7A2000044538 /* Build configuration list for PBXProject "RXSwift" */;
			compatibilityVersion = "Xcode 14.0";
			developmentRegion = en;
			hasScannedForEncodings = 0;
			knownRegions = (
				en,
				Base,
			);
			mainGroup = 094D7144296F7A2000044538;
			productRefGroup = 094D714E296F7A2000044538 /* Products */;
			projectDirPath = "";
			projectRoot = "";
			targets = (
				094D714C296F7A2000044538 /* RXSwift */,
			);
		};
/* End PBXProject section */

/* Begin PBXResourcesBuildPhase section */
		094D714B296F7A2000044538 /* Resources */ = {
			isa = PBXResourcesBuildPhase;
			buildActionMask = 2147483647;
			files = (
				094D715D296F7A2200044538 /* LaunchScreen.storyboard in Resources */,
				094D715A296F7A2200044538 /* Assets.xcassets in Resources */,
				094D7158296F7A2000044538 /* Main.storyboard in Resources */,
			);
			runOnlyForDeploymentPostprocessing = 0;
		};
/* End PBXResourcesBuildPhase section */

/* Begin PBXShellScriptBuildPhase section */
		7CB1334E571C14E37AD7F826 /* [CP] Embed Pods Frameworks */ = {
			isa = PBXShellScriptBuildPhase;
			buildActionMask = 2147483647;
			files = (
			);
			inputFileListPaths = (
				"${PODS_ROOT}/Target Support Files/Pods-RXSwift/Pods-RXSwift-frameworks-${CONFIGURATION}-input-files.xcfilelist",
			);
			name = "[CP] Embed Pods Frameworks";
			outputFileListPaths = (
				"${PODS_ROOT}/Target Support Files/Pods-RXSwift/Pods-RXSwift-frameworks-${CONFIGURATION}-output-files.xcfilelist",
			);
			runOnlyForDeploymentPostprocessing = 0;
			shellPath = /bin/sh;
			shellScript = "\"${PODS_ROOT}/Target Support Files/Pods-RXSwift/Pods-RXSwift-frameworks.sh\"\n";
			showEnvVarsInLog = 0;
		};
		85C7540576CECB5FAEBC3D5D /* [CP] Check Pods Manifest.lock */ = {
			isa = PBXShellScriptBuildPhase;
			buildActionMask = 2147483647;
			files = (
			);
			inputFileListPaths = (
			);
			inputPaths = (
				"${PODS_PODFILE_DIR_PATH}/Podfile.lock",
				"${PODS_ROOT}/Manifest.lock",
			);
			name = "[CP] Check Pods Manifest.lock";
			outputFileListPaths = (
			);
			outputPaths = (
				"$(DERIVED_FILE_DIR)/Pods-RXSwift-checkManifestLockResult.txt",
			);
			runOnlyForDeploymentPostprocessing = 0;
			shellPath = /bin/sh;
			shellScript = "diff \"${PODS_PODFILE_DIR_PATH}/Podfile.lock\" \"${PODS_ROOT}/Manifest.lock\" > /dev/null\nif [ $? != 0 ] ; then\n    # print error to STDERR\n    echo \"error: The sandbox is not in sync with the Podfile.lock. Run 'pod install' or update your CocoaPods installation.\" >&2\n    exit 1\nfi\n# This output is used by Xcode 'outputs' to avoid re-running this script phase.\necho \"SUCCESS\" > \"${SCRIPT_OUTPUT_FILE_0}\"\n";
			showEnvVarsInLog = 0;
		};
/* End PBXShellScriptBuildPhase section */

/* Begin PBXSourcesBuildPhase section */
		094D7149296F7A2000044538 /* Sources */ = {
			isa = PBXSourcesBuildPhase;
			buildActionMask = 2147483647;
			files = (
				09CB5D7D297219420044463D /* Observables.swift in Sources */,
				0976930F297DF8DF0018A3D6 /* MALViewModel.swift in Sources */,
				09769311297DF8E70018A3D6 /* MALModel.swift in Sources */,
				094D7155296F7A2000044538 /* MapsViewController.swift in Sources */,
				09769315297E06A90018A3D6 /* MALViewController + Constraints.swift in Sources */,
				09CB5D832979FE9A0044463D /* BlackJackViewController.swift in Sources */,
				0976930D297DF8D30018A3D6 /* MALViewController.swift in Sources */,
				094D7151296F7A2000044538 /* AppDelegate.swift in Sources */,
				094D7153296F7A2000044538 /* SceneDelegate.swift in Sources */,
				09CB5D7F29721A6E0044463D /* Subjects.swift in Sources */,
				09CB5D81297611AE0044463D /* Relays.swift in Sources */,
				09769313297E001E0018A3D6 /* MALCollectionViewCell.swift in Sources */,
			);
			runOnlyForDeploymentPostprocessing = 0;
		};
/* End PBXSourcesBuildPhase section */

/* Begin PBXVariantGroup section */
		094D7156296F7A2000044538 /* Main.storyboard */ = {
			isa = PBXVariantGroup;
			children = (
				094D7157296F7A2000044538 /* Base */,
			);
			name = Main.storyboard;
			sourceTree = "<group>";
		};
		094D715B296F7A2200044538 /* LaunchScreen.storyboard */ = {
			isa = PBXVariantGroup;
			children = (
				094D715C296F7A2200044538 /* Base */,
			);
			name = LaunchScreen.storyboard;
			sourceTree = "<group>";
		};
/* End PBXVariantGroup section */

/* Begin XCBuildConfiguration section */
		094D715F296F7A2200044538 /* Debug */ = {
			isa = XCBuildConfiguration;
			buildSettings = {
				ALWAYS_SEARCH_USER_PATHS = NO;
				CLANG_ANALYZER_NONNULL = YES;
				CLANG_ANALYZER_NUMBER_OBJECT_CONVERSION = YES_AGGRESSIVE;
				CLANG_CXX_LANGUAGE_STANDARD = "gnu++20";
				CLANG_ENABLE_MODULES = YES;
				CLANG_ENABLE_OBJC_ARC = YES;
				CLANG_ENABLE_OBJC_WEAK = YES;
				CLANG_WARN_BLOCK_CAPTURE_AUTORELEASING = YES;
				CLANG_WARN_BOOL_CONVERSION = YES;
				CLANG_WARN_COMMA = YES;
				CLANG_WARN_CONSTANT_CONVERSION = YES;
				CLANG_WARN_DEPRECATED_OBJC_IMPLEMENTATIONS = YES;
				CLANG_WARN_DIRECT_OBJC_ISA_USAGE = YES_ERROR;
				CLANG_WARN_DOCUMENTATION_COMMENTS = YES;
				CLANG_WARN_EMPTY_BODY = YES;
				CLANG_WARN_ENUM_CONVERSION = YES;
				CLANG_WARN_INFINITE_RECURSION = YES;
				CLANG_WARN_INT_CONVERSION = YES;
				CLANG_WARN_NON_LITERAL_NULL_CONVERSION = YES;
				CLANG_WARN_OBJC_IMPLICIT_RETAIN_SELF = YES;
				CLANG_WARN_OBJC_LITERAL_CONVERSION = YES;
				CLANG_WARN_OBJC_ROOT_CLASS = YES_ERROR;
				CLANG_WARN_QUOTED_INCLUDE_IN_FRAMEWORK_HEADER = YES;
				CLANG_WARN_RANGE_LOOP_ANALYSIS = YES;
				CLANG_WARN_STRICT_PROTOTYPES = YES;
				CLANG_WARN_SUSPICIOUS_MOVE = YES;
				CLANG_WARN_UNGUARDED_AVAILABILITY = YES_AGGRESSIVE;
				CLANG_WARN_UNREACHABLE_CODE = YES;
				CLANG_WARN__DUPLICATE_METHOD_MATCH = YES;
				COPY_PHASE_STRIP = NO;
				DEBUG_INFORMATION_FORMAT = dwarf;
				ENABLE_STRICT_OBJC_MSGSEND = YES;
				ENABLE_TESTABILITY = YES;
				GCC_C_LANGUAGE_STANDARD = gnu11;
				GCC_DYNAMIC_NO_PIC = NO;
				GCC_NO_COMMON_BLOCKS = YES;
				GCC_OPTIMIZATION_LEVEL = 0;
				GCC_PREPROCESSOR_DEFINITIONS = (
					"DEBUG=1",
					"$(inherited)",
				);
				GCC_WARN_64_TO_32_BIT_CONVERSION = YES;
				GCC_WARN_ABOUT_RETURN_TYPE = YES_ERROR;
				GCC_WARN_UNDECLARED_SELECTOR = YES;
				GCC_WARN_UNINITIALIZED_AUTOS = YES_AGGRESSIVE;
				GCC_WARN_UNUSED_FUNCTION = YES;
				GCC_WARN_UNUSED_VARIABLE = YES;
				IPHONEOS_DEPLOYMENT_TARGET = 16.2;
				MTL_ENABLE_DEBUG_INFO = INCLUDE_SOURCE;
				MTL_FAST_MATH = YES;
				ONLY_ACTIVE_ARCH = YES;
				SDKROOT = iphoneos;
				SWIFT_ACTIVE_COMPILATION_CONDITIONS = DEBUG;
				SWIFT_OPTIMIZATION_LEVEL = "-Onone";
			};
			name = Debug;
		};
		094D7160296F7A2200044538 /* Release */ = {
			isa = XCBuildConfiguration;
			buildSettings = {
				ALWAYS_SEARCH_USER_PATHS = NO;
				CLANG_ANALYZER_NONNULL = YES;
				CLANG_ANALYZER_NUMBER_OBJECT_CONVERSION = YES_AGGRESSIVE;
				CLANG_CXX_LANGUAGE_STANDARD = "gnu++20";
				CLANG_ENABLE_MODULES = YES;
				CLANG_ENABLE_OBJC_ARC = YES;
				CLANG_ENABLE_OBJC_WEAK = YES;
				CLANG_WARN_BLOCK_CAPTURE_AUTORELEASING = YES;
				CLANG_WARN_BOOL_CONVERSION = YES;
				CLANG_WARN_COMMA = YES;
				CLANG_WARN_CONSTANT_CONVERSION = YES;
				CLANG_WARN_DEPRECATED_OBJC_IMPLEMENTATIONS = YES;
				CLANG_WARN_DIRECT_OBJC_ISA_USAGE = YES_ERROR;
				CLANG_WARN_DOCUMENTATION_COMMENTS = YES;
				CLANG_WARN_EMPTY_BODY = YES;
				CLANG_WARN_ENUM_CONVERSION = YES;
				CLANG_WARN_INFINITE_RECURSION = YES;
				CLANG_WARN_INT_CONVERSION = YES;
				CLANG_WARN_NON_LITERAL_NULL_CONVERSION = YES;
				CLANG_WARN_OBJC_IMPLICIT_RETAIN_SELF = YES;
				CLANG_WARN_OBJC_LITERAL_CONVERSION = YES;
				CLANG_WARN_OBJC_ROOT_CLASS = YES_ERROR;
				CLANG_WARN_QUOTED_INCLUDE_IN_FRAMEWORK_HEADER = YES;
				CLANG_WARN_RANGE_LOOP_ANALYSIS = YES;
				CLANG_WARN_STRICT_PROTOTYPES = YES;
				CLANG_WARN_SUSPICIOUS_MOVE = YES;
				CLANG_WARN_UNGUARDED_AVAILABILITY = YES_AGGRESSIVE;
				CLANG_WARN_UNREACHABLE_CODE = YES;
				CLANG_WARN__DUPLICATE_METHOD_MATCH = YES;
				COPY_PHASE_STRIP = NO;
				DEBUG_INFORMATION_FORMAT = "dwarf-with-dsym";
				ENABLE_NS_ASSERTIONS = NO;
				ENABLE_STRICT_OBJC_MSGSEND = YES;
				GCC_C_LANGUAGE_STANDARD = gnu11;
				GCC_NO_COMMON_BLOCKS = YES;
				GCC_WARN_64_TO_32_BIT_CONVERSION = YES;
				GCC_WARN_ABOUT_RETURN_TYPE = YES_ERROR;
				GCC_WARN_UNDECLARED_SELECTOR = YES;
				GCC_WARN_UNINITIALIZED_AUTOS = YES_AGGRESSIVE;
				GCC_WARN_UNUSED_FUNCTION = YES;
				GCC_WARN_UNUSED_VARIABLE = YES;
				IPHONEOS_DEPLOYMENT_TARGET = 16.2;
				MTL_ENABLE_DEBUG_INFO = NO;
				MTL_FAST_MATH = YES;
				SDKROOT = iphoneos;
				SWIFT_COMPILATION_MODE = wholemodule;
				SWIFT_OPTIMIZATION_LEVEL = "-O";
				VALIDATE_PRODUCT = YES;
			};
			name = Release;
		};
		094D7162296F7A2200044538 /* Debug */ = {
			isa = XCBuildConfiguration;
			baseConfigurationReference = 9A4C5D01C95880E80C1FBE9E /* Pods-RXSwift.debug.xcconfig */;
			buildSettings = {
				ASSETCATALOG_COMPILER_APPICON_NAME = AppIcon;
				ASSETCATALOG_COMPILER_GLOBAL_ACCENT_COLOR_NAME = AccentColor;
				CODE_SIGN_STYLE = Automatic;
				CURRENT_PROJECT_VERSION = 1;
				DEVELOPMENT_TEAM = G8P85U8XP2;
				GENERATE_INFOPLIST_FILE = YES;
				INFOPLIST_FILE = RXSwift/Info.plist;
				INFOPLIST_KEY_NSLocationWhenInUseUsageDescription = "App uses tracking duh";
				INFOPLIST_KEY_UIApplicationSupportsIndirectInputEvents = YES;
				INFOPLIST_KEY_UILaunchStoryboardName = LaunchScreen;
				INFOPLIST_KEY_UISupportedInterfaceOrientations_iPad = "UIInterfaceOrientationPortrait UIInterfaceOrientationPortraitUpsideDown UIInterfaceOrientationLandscapeLeft UIInterfaceOrientationLandscapeRight";
				INFOPLIST_KEY_UISupportedInterfaceOrientations_iPhone = "UIInterfaceOrientationPortrait UIInterfaceOrientationLandscapeLeft UIInterfaceOrientationLandscapeRight";
				LD_RUNPATH_SEARCH_PATHS = (
					"$(inherited)",
					"@executable_path/Frameworks",
				);
				MARKETING_VERSION = 1.0;
				PRODUCT_BUNDLE_IDENTIFIER = com.lugaluStudy.RXSwift;
				PRODUCT_NAME = "$(TARGET_NAME)";
				SWIFT_EMIT_LOC_STRINGS = YES;
				SWIFT_VERSION = 5.0;
				TARGETED_DEVICE_FAMILY = "1,2";
			};
			name = Debug;
		};
		094D7163296F7A2200044538 /* Release */ = {
			isa = XCBuildConfiguration;
			baseConfigurationReference = F2916FF141BC23DD77DAADD9 /* Pods-RXSwift.release.xcconfig */;
			buildSettings = {
				ASSETCATALOG_COMPILER_APPICON_NAME = AppIcon;
				ASSETCATALOG_COMPILER_GLOBAL_ACCENT_COLOR_NAME = AccentColor;
				CODE_SIGN_STYLE = Automatic;
				CURRENT_PROJECT_VERSION = 1;
				DEVELOPMENT_TEAM = G8P85U8XP2;
				GENERATE_INFOPLIST_FILE = YES;
				INFOPLIST_FILE = RXSwift/Info.plist;
				INFOPLIST_KEY_NSLocationWhenInUseUsageDescription = "App uses tracking duh";
				INFOPLIST_KEY_UIApplicationSupportsIndirectInputEvents = YES;
				INFOPLIST_KEY_UILaunchStoryboardName = LaunchScreen;
				INFOPLIST_KEY_UISupportedInterfaceOrientations_iPad = "UIInterfaceOrientationPortrait UIInterfaceOrientationPortraitUpsideDown UIInterfaceOrientationLandscapeLeft UIInterfaceOrientationLandscapeRight";
				INFOPLIST_KEY_UISupportedInterfaceOrientations_iPhone = "UIInterfaceOrientationPortrait UIInterfaceOrientationLandscapeLeft UIInterfaceOrientationLandscapeRight";
				LD_RUNPATH_SEARCH_PATHS = (
					"$(inherited)",
					"@executable_path/Frameworks",
				);
				MARKETING_VERSION = 1.0;
				PRODUCT_BUNDLE_IDENTIFIER = com.lugaluStudy.RXSwift;
				PRODUCT_NAME = "$(TARGET_NAME)";
				SWIFT_EMIT_LOC_STRINGS = YES;
				SWIFT_VERSION = 5.0;
				TARGETED_DEVICE_FAMILY = "1,2";
			};
			name = Release;
		};
/* End XCBuildConfiguration section */

/* Begin XCConfigurationList section */
		094D7148296F7A2000044538 /* Build configuration list for PBXProject "RXSwift" */ = {
			isa = XCConfigurationList;
			buildConfigurations = (
				094D715F296F7A2200044538 /* Debug */,
				094D7160296F7A2200044538 /* Release */,
			);
			defaultConfigurationIsVisible = 0;
			defaultConfigurationName = Release;
		};
		094D7161296F7A2200044538 /* Build configuration list for PBXNativeTarget "RXSwift" */ = {
			isa = XCConfigurationList;
			buildConfigurations = (
				094D7162296F7A2200044538 /* Debug */,
				094D7163296F7A2200044538 /* Release */,
			);
			defaultConfigurationIsVisible = 0;
			defaultConfigurationName = Release;
		};
/* End XCConfigurationList section */
	};
	rootObject = 094D7145296F7A2000044538 /* Project object */;
}
